# THIS IS AN AUTOGENERATED FILE. DO NOT EDIT THIS FILE DIRECTLY.
# yarn lockfile v1


core-js-bundle@^3.6.3:
  version "3.6.3"
  resolved "https://registry.yarnpkg.com/core-js-bundle/-/core-js-bundle-3.6.3.tgz#d76c08acdb95ae1a34bd2f39adbe913ed169b945"
  integrity sha512-0oVDPxnqlk47a0i/jS3RLj6PK7kR2GtaPYOxgVLMfnfZXKHIe3j//01Ayn8+hRcf7noNMNlAa5SznG5SmDxPvQ==

regenerator-runtime@^0.13.3:
  version "0.13.3"
  resolved "https://registry.yarnpkg.com/regenerator-runtime/-/regenerator-runtime-0.13.3.tgz#7cf6a77d8f5c6f60eb73c5fc1955b2ceb01e6bf5"
  integrity sha512-naKIZz2GQ8JWh///G7L3X6LaQUAMp2lvb1rvwwsURe/VXwD6VMfr+/1NuNw3ag8v2kY1aQ/go5SNn79O9JU7yw==
